
Microsoft Visual Studio Solution File, Format Version 12.00
# Visual Studio 15
Project("{FAE04EC0-301F-11D3-BF4B-00C04F79EFBC}") = "Assembly-CSharp", "Assembly-CSharp.csproj", "{1254BB20-B930-E991-0027-87ECDA44318A}"
EndProject
Project("{FAE04EC0-301F-11D3-BF4B-00C04F79EFBC}") = "Assembly-CSharp-Editor", "Assembly-CSharp-Editor.csproj", "{36B156EA-4F02-084D-C181-82F1671ABF52}"
EndProject
Project("{FAE04EC0-301F-11D3-BF4B-00C04F79EFBC}") = "Assembly-CSharp-firstpass", "Assembly-CSharp-firstpass.csproj", "{C77A76BF-8F63-6987-AABF-BF645082F53A}"
EndProject
Global
	GlobalSection(SolutionConfigurationPlatforms) = preSolution
		Debug|Any CPU = Debug|Any CPU
		Release|Any CPU = Release|Any CPU
	EndGlobalSection
	GlobalSection(ProjectConfigurationPlatforms) = postSolution
		{1254BB20-B930-E991-0027-87ECDA44318A}.Debug|Any CPU.ActiveCfg = Debug|Any CPU
		{1254BB20-B930-E991-0027-87ECDA44318A}.Debug|Any CPU.Build.0 = Debug|Any CPU
		{1254BB20-B930-E991-0027-87ECDA44318A}.Release|Any CPU.ActiveCfg = Release|Any CPU
		{1254BB20-B930-E991-0027-87ECDA44318A}.Release|Any CPU.Build.0 = Release|Any CPU
		{36B156EA-4F02-084D-C181-82F1671ABF52}.Debug|Any CPU.ActiveCfg = Debug|Any CPU
		{36B156EA-4F02-084D-C181-82F1671ABF52}.Debug|Any CPU.Build.0 = Debug|Any CPU
		{36B156EA-4F02-084D-C181-82F1671ABF52}.Release|Any CPU.ActiveCfg = Release|Any CPU
		{36B156EA-4F02-084D-C181-82F1671ABF52}.Release|Any CPU.Build.0 = Release|Any CPU
		{C77A76BF-8F63-6987-AABF-BF645082F53A}.Debug|Any CPU.ActiveCfg = Debug|Any CPU
		{C77A76BF-8F63-6987-AABF-BF645082F53A}.Debug|Any CPU.Build.0 = Debug|Any CPU
		{C77A76BF-8F63-6987-AABF-BF645082F53A}.Release|Any CPU.ActiveCfg = Release|Any CPU
		{C77A76BF-8F63-6987-AABF-BF645082F53A}.Release|Any CPU.Build.0 = Release|Any CPU
	EndGlobalSection
	GlobalSection(SolutionProperties) = preSolution
		HideSolutionNode = FALSE
	EndGlobalSection
EndGlobal
